
Microsoft Visual Studio Solution File, Format Version 12.00
# Visual Studio Version 17
VisualStudioVersion = 17.11.35327.3
MinimumVisualStudioVersion = 10.0.40219.1
Project("{FAE04EC0-301F-11D3-BF4B-00C04F79EFBC}") = "logica10", "logica10.csproj", "{48714552-F9FB-40F1-BC4B-A5180B76401E}"
EndProject
Global
	GlobalSection(SolutionConfigurationPlatforms) = preSolution
		Debug|Any CPU = Debug|Any CPU
		Release|Any CPU = Release|Any CPU
	EndGlobalSection
	GlobalSection(ProjectConfigurationPlatforms) = postSolution
		{48714552-F9FB-40F1-BC4B-A5180B76401E}.Debug|Any CPU.ActiveCfg = Debug|Any CPU
		{48714552-F9FB-40F1-BC4B-A5180B76401E}.Debug|Any CPU.Build.0 = Debug|Any CPU
		{48714552-F9FB-40F1-BC4B-A5180B76401E}.Release|Any CPU.ActiveCfg = Release|Any CPU
		{48714552-F9FB-40F1-BC4B-A5180B76401E}.Release|Any CPU.Build.0 = Release|Any CPU
	EndGlobalSection
	GlobalSection(SolutionProperties) = preSolution
		HideSolutionNode = FALSE
	EndGlobalSection
	GlobalSection(ExtensibilityGlobals) = postSolution
		SolutionGuid = {31A667C7-3942-46F5-A742-DCD8957128F1}
	EndGlobalSection
EndGlobal
